// !$*UTF8*$!
{
	archiveVersion = 1;
	classes = {
	};
	objectVersion = 46;
	objects = {

/* Begin PBXBuildFile section */
		3337F9EF202921140051F65B /* pokemon.csv in Resources */ = {isa = PBXBuildFile; fileRef = 3337F9EE202921140051F65B /* pokemon.csv */; };
		333D85AB20291C3F00EBBCDA /* AppDelegate.swift in Sources */ = {isa = PBXBuildFile; fileRef = 333D85AA20291C3F00EBBCDA /* AppDelegate.swift */; };
		333D85AD20291C3F00EBBCDA /* ViewController.swift in Sources */ = {isa = PBXBuildFile; fileRef = 333D85AC20291C3F00EBBCDA /* ViewController.swift */; };
		333D85B020291C3F00EBBCDA /* Main.storyboard in Resources */ = {isa = PBXBuildFile; fileRef = 333D85AE20291C3F00EBBCDA /* Main.storyboard */; };
		333D85B220291C3F00EBBCDA /* Assets.xcassets in Resources */ = {isa = PBXBuildFile; fileRef = 333D85B120291C3F00EBBCDA /* Assets.xcassets */; };
		333D85B520291C3F00EBBCDA /* LaunchScreen.storyboard in Resources */ = {isa = PBXBuildFile; fileRef = 333D85B320291C3F00EBBCDA /* LaunchScreen.storyboard */; };
/* End PBXBuildFile section */

/* Begin PBXFileReference section */
		3337F9EE202921140051F65B /* pokemon.csv */ = {isa = PBXFileReference; fileEncoding = 4; lastKnownFileType = text; path = pokemon.csv; sourceTree = "<group>"; };
		333D85A720291C3F00EBBCDA /* pokedex3.app */ = {isa = PBXFileReference; explicitFileType = wrapper.application; includeInIndex = 0; path = pokedex3.app; sourceTree = BUILT_PRODUCTS_DIR; };
		333D85AA20291C3F00EBBCDA /* AppDelegate.swift */ = {isa = PBXFileReference; lastKnownFileType = sourcecode.swift; path = AppDelegate.swift; sourceTree = "<group>"; };
		333D85AC20291C3F00EBBCDA /* ViewController.swift */ = {isa = PBXFileReference; lastKnownFileType = sourcecode.swift; path = ViewController.swift; sourceTree = "<group>"; };
		333D85AF20291C3F00EBBCDA /* Base */ = {isa = PBXFileReference; lastKnownFileType = file.storyboard; name = Base; path = Base.lproj/Main.storyboard; sourceTree = "<group>"; };
		333D85B120291C3F00EBBCDA /* Assets.xcassets */ = {isa = PBXFileReference; lastKnownFileType = folder.assetcatalog; path = Assets.xcassets; sourceTree = "<group>"; };
		333D85B420291C3F00EBBCDA /* Base */ = {isa = PBXFileReference; lastKnownFileType = file.storyboard; name = Base; path = Base.lproj/LaunchScreen.storyboard; sourceTree = "<group>"; };
		333D85B620291C3F00EBBCDA /* Info.plist */ = {isa = PBXFileReference; lastKnownFileType = text.plist.xml; path = Info.plist; sourceTree = "<group>"; };
/* End PBXFileReference section */

/* Begin PBXFrameworksBuildPhase section */
		333D85A420291C3F00EBBCDA /* Frameworks */ = {
			isa = PBXFrameworksBuildPhase;
			buildActionMask = 2147483647;
			files = (
			);
			runOnlyForDeploymentPostprocessing = 0;
		};
/* End PBXFrameworksBuildPhase section */

/* Begin PBXGroup section */
		3337F9ED202920FA0051F65B /* Resources */ = {
			isa = PBXGroup;
			children = (
				3337F9EE202921140051F65B /* pokemon.csv */,
			);
			name = Resources;
			sourceTree = "<group>";
		};
		333D859E20291C3F00EBBCDA = {
			isa = PBXGroup;
			children = (
				333D85A920291C3F00EBBCDA /* pokedex3 */,
				333D85A820291C3F00EBBCDA /* Products */,
			);
			sourceTree = "<group>";
		};
		333D85A820291C3F00EBBCDA /* Products */ = {
			isa = PBXGroup;
			children = (
				333D85A720291C3F00EBBCDA /* pokedex3.app */,
			);
			name = Products;
			sourceTree = "<group>";
		};
		333D85A920291C3F00EBBCDA /* pokedex3 */ = {
			isa = PBXGroup;
			children = (
				3337F9ED202920FA0051F65B /* Resources */,
				333D85AA20291C3F00EBBCDA /* AppDelegate.swift */,
				333D85AC20291C3F00EBBCDA /* ViewController.swift */,
				333D85AE20291C3F00EBBCDA /* Main.storyboard */,
				333D85B120291C3F00EBBCDA /* Assets.xcassets */,
				333D85B320291C3F00EBBCDA /* LaunchScreen.storyboard */,
				333D85B620291C3F00EBBCDA /* Info.plist */,
			);
			path = pokedex3;
			sourceTree = "<group>";
		};
/* End PBXGroup section */

/* Begin PBXNativeTarget section */
		333D85A620291C3F00EBBCDA /* pokedex3 */ = {
			isa = PBXNativeTarget;
			buildConfigurationList = 333D85B920291C3F00EBBCDA /* Build configuration list for PBXNativeTarget "pokedex3" */;
			buildPhases = (
				333D85A320291C3F00EBBCDA /* Sources */,
				333D85A420291C3F00EBBCDA /* Frameworks */,
				333D85A520291C3F00EBBCDA /* Resources */,
			);
			buildRules = (
			);
			dependencies = (
			);
			name = pokedex3;
			productName = pokedex3;
			productReference = 333D85A720291C3F00EBBCDA /* pokedex3.app */;
			productType = "com.apple.product-type.application";
		};
/* End PBXNativeTarget section */

/* Begin PBXProject section */
		333D859F20291C3F00EBBCDA /* Project object */ = {
			isa = PBXProject;
			attributes = {
				LastSwiftUpdateCheck = 0830;
				LastUpgradeCheck = 0830;
				ORGANIZATIONNAME = "Shruti Sharma";
				TargetAttributes = {
					333D85A620291C3F00EBBCDA = {
						CreatedOnToolsVersion = 8.3.3;
						DevelopmentTeam = 7N7R2P8E43;
						ProvisioningStyle = Automatic;
					};
				};
			};
			buildConfigurationList = 333D85A220291C3F00EBBCDA /* Build configuration list for PBXProject "pokedex3" */;
			compatibilityVersion = "Xcode 3.2";
			developmentRegion = English;
			hasScannedForEncodings = 0;
			knownRegions = (
				en,
				Base,
			);
			mainGroup = 333D859E20291C3F00EBBCDA;
			productRefGroup = 333D85A820291C3F00EBBCDA /* Products */;
			projectDirPath = "";
			projectRoot = "";
			targets = (
				333D85A620291C3F00EBBCDA /* pokedex3 */,
			);
		};
/* End PBXProject section */

/* Begin PBXResourcesBuildPhase section */
		333D85A520291C3F00EBBCDA /* Resources */ = {
			isa = PBXResourcesBuildPhase;
			buildActionMask = 2147483647;
			files = (
				333D85B520291C3F00EBBCDA /* LaunchScreen.storyboard in Resources */,
				333D85B220291C3F00EBBCDA /* Assets.xcassets in Resources */,
				3337F9EF202921140051F65B /* pokemon.csv in Resources */,
				333D85B020291C3F00EBBCDA /* Main.storyboard in Resources */,
			);
			runOnlyForDeploymentPostprocessing = 0;
		};
/* End PBXResourcesBuildPhase section */

/* Begin PBXSourcesBuildPhase section */
		333D85A320291C3F00EBBCDA /* Sources */ = {
			isa = PBXSourcesBuildPhase;
			buildActionMask = 2147483647;
			files = (
				333D85AD20291C3F00EBBCDA /* ViewController.swift in Sources */,
				333D85AB20291C3F00EBBCDA /* AppDelegate.swift in Sources */,
			);
			runOnlyForDeploymentPostprocessing = 0;
		};
/* End PBXSourcesBuildPhase section */

/* Begin PBXVariantGroup section */
		333D85AE20291C3F00EBBCDA /* Main.storyboard */ = {
			isa = PBXVariantGroup;
			children = (
				333D85AF20291C3F00EBBCDA /* Base */,
			);
			name = Main.storyboard;
			sourceTree = "<group>";
		};
		333D85B320291C3F00EBBCDA /* LaunchScreen.storyboard */ = {
			isa = PBXVariantGroup;
			children = (
				333D85B420291C3F00EBBCDA /* Base */,
			);
			name = LaunchScreen.storyboard;
			sourceTree = "<group>";
		};
/* End PBXVariantGroup section */

/* Begin XCBuildConfiguration section */
		333D85B720291C3F00EBBCDA /* Debug */ = {
			isa = XCBuildConfiguration;
			buildSettings = {
				ALWAYS_SEARCH_USER_PATHS = NO;
				CLANG_ANALYZER_NONNULL = YES;
				CLANG_ANALYZER_NUMBER_OBJECT_CONVERSION = YES_AGGRESSIVE;
				CLANG_CXX_LANGUAGE_STANDARD = "gnu++0x";
				CLANG_CXX_LIBRARY = "libc++";
				CLANG_ENABLE_MODULES = YES;
				CLANG_ENABLE_OBJC_ARC = YES;
				CLANG_WARN_BOOL_CONVERSION = YES;
				CLANG_WARN_CONSTANT_CONVERSION = YES;
				CLANG_WARN_DIRECT_OBJC_ISA_USAGE = YES_ERROR;
				CLANG_WARN_DOCUMENTATION_COMMENTS = YES;
				CLANG_WARN_EMPTY_BODY = YES;
				CLANG_WARN_ENUM_CONVERSION = YES;
				CLANG_WARN_INFINITE_RECURSION = YES;
				CLANG_WARN_INT_CONVERSION = YES;
				CLANG_WARN_OBJC_ROOT_CLASS = YES_ERROR;
				CLANG_WARN_SUSPICIOUS_MOVE = YES;
				CLANG_WARN_UNREACHABLE_CODE = YES;
				CLANG_WARN__DUPLICATE_METHOD_MATCH = YES;
				"CODE_SIGN_IDENTITY[sdk=iphoneos*]" = "iPhone Developer";
				COPY_PHASE_STRIP = NO;
				DEBUG_INFORMATION_FORMAT = dwarf;
				ENABLE_STRICT_OBJC_MSGSEND = YES;
				ENABLE_TESTABILITY = YES;
				GCC_C_LANGUAGE_STANDARD = gnu99;
				GCC_DYNAMIC_NO_PIC = NO;
				GCC_NO_COMMON_BLOCKS = YES;
				GCC_OPTIMIZATION_LEVEL = 0;
				GCC_PREPROCESSOR_DEFINITIONS = (
					"DEBUG=1",
					"$(inherited)",
				);
				GCC_WARN_64_TO_32_BIT_CONVERSION = YES;
				GCC_WARN_ABOUT_RETURN_TYPE = YES_ERROR;
				GCC_WARN_UNDECLARED_SELECTOR = YES;
				GCC_WARN_UNINITIALIZED_AUTOS = YES_AGGRESSIVE;
				GCC_WARN_UNUSED_FUNCTION = YES;
				GCC_WARN_UNUSED_VARIABLE = YES;
				IPHONEOS_DEPLOYMENT_TARGET = 10.3;
				MTL_ENABLE_DEBUG_INFO = YES;
				ONLY_ACTIVE_ARCH = YES;
				SDKROOT = iphoneos;
				SWIFT_ACTIVE_COMPILATION_CONDITIONS = DEBUG;
				SWIFT_OPTIMIZATION_LEVEL = "-Onone";
			};
			name = Debug;
		};
		333D85B820291C3F00EBBCDA /* Release */ = {
			isa = XCBuildConfiguration;
			buildSettings = {
				ALWAYS_SEARCH_USER_PATHS = NO;
				CLANG_ANALYZER_NONNULL = YES;
				CLANG_ANALYZER_NUMBER_OBJECT_CONVERSION = YES_AGGRESSIVE;
				CLANG_CXX_LANGUAGE_STANDARD = "gnu++0x";
				CLANG_CXX_LIBRARY = "libc++";
				CLANG_ENABLE_MODULES = YES;
				CLANG_ENABLE_OBJC_ARC = YES;
				CLANG_WARN_BOOL_CONVERSION = YES;
				CLANG_WARN_CONSTANT_CONVERSION = YES;
				CLANG_WARN_DIRECT_OBJC_ISA_USAGE = YES_ERROR;
				CLANG_WARN_DOCUMENTATION_COMMENTS = YES;
				CLANG_WARN_EMPTY_BODY = YES;
				CLANG_WARN_ENUM_CONVERSION = YES;
				CLANG_WARN_INFINITE_RECURSION = YES;
				CLANG_WARN_INT_CONVERSION = YES;
				CLANG_WARN_OBJC_ROOT_CLASS = YES_ERROR;
				CLANG_WARN_SUSPICIOUS_MOVE = YES;
				CLANG_WARN_UNREACHABLE_CODE = YES;
				CLANG_WARN__DUPLICATE_METHOD_MATCH = YES;
				"CODE_SIGN_IDENTITY[sdk=iphoneos*]" = "iPhone Developer";
				COPY_PHASE_STRIP = NO;
				DEBUG_INFORMATION_FORMAT = "dwarf-with-dsym";
				ENABLE_NS_ASSERTIONS = NO;
				ENABLE_STRICT_OBJC_MSGSEND = YES;
				GCC_C_LANGUAGE_STANDARD = gnu99;
				GCC_NO_COMMON_BLOCKS = YES;
				GCC_WARN_64_TO_32_BIT_CONVERSION = YES;
				GCC_WARN_ABOUT_RETURN_TYPE = YES_ERROR;
				GCC_WARN_UNDECLARED_SELECTOR = YES;
				GCC_WARN_UNINITIALIZED_AUTOS = YES_AGGRESSIVE;
				GCC_WARN_UNUSED_FUNCTION = YES;
				GCC_WARN_UNUSED_VARIABLE = YES;
				IPHONEOS_DEPLOYMENT_TARGET = 10.3;
				MTL_ENABLE_DEBUG_INFO = NO;
				SDKROOT = iphoneos;
				SWIFT_OPTIMIZATION_LEVEL = "-Owholemodule";
				VALIDATE_PRODUCT = YES;
			};
			name = Release;
		};
		333D85BA20291C3F00EBBCDA /* Debug */ = {
			isa = XCBuildConfiguration;
			buildSettings = {
				ASSETCATALOG_COMPILER_APPICON_NAME = AppIcon;
				DEVELOPMENT_TEAM = 7N7R2P8E43;
				INFOPLIST_FILE = pokedex3/Info.plist;
				LD_RUNPATH_SEARCH_PATHS = "$(inherited) @executable_path/Frameworks";
				PRODUCT_BUNDLE_IDENTIFIER = com.shrutiapps.pokedex3;
				PRODUCT_NAME = "$(TARGET_NAME)";
				SWIFT_VERSION = 3.0;
			};
			name = Debug;
		};
		333D85BB20291C3F00EBBCDA /* Release */ = {
			isa = XCBuildConfiguration;
			buildSettings = {
				ASSETCATALOG_COMPILER_APPICON_NAME = AppIcon;
				DEVELOPMENT_TEAM = 7N7R2P8E43;
				INFOPLIST_FILE = pokedex3/Info.plist;
				LD_RUNPATH_SEARCH_PATHS = "$(inherited) @executable_path/Frameworks";
				PRODUCT_BUNDLE_IDENTIFIER = com.shrutiapps.pokedex3;
				PRODUCT_NAME = "$(TARGET_NAME)";
				SWIFT_VERSION = 3.0;
			};
			name = Release;
		};
/* End XCBuildConfiguration section */

/* Begin XCConfigurationList section */
		333D85A220291C3F00EBBCDA /* Build configuration list for PBXProject "pokedex3" */ = {
			isa = XCConfigurationList;
			buildConfigurations = (
				333D85B720291C3F00EBBCDA /* Debug */,
				333D85B820291C3F00EBBCDA /* Release */,
			);
			defaultConfigurationIsVisible = 0;
			defaultConfigurationName = Release;
		};
		333D85B920291C3F00EBBCDA /* Build configuration list for PBXNativeTarget "pokedex3" */ = {
			isa = XCConfigurationList;
			buildConfigurations = (
				333D85BA20291C3F00EBBCDA /* Debug */,
				333D85BB20291C3F00EBBCDA /* Release */,
			);
			defaultConfigurationIsVisible = 0;
			defaultConfigurationName = Release;
		};
/* End XCConfigurationList section */
	};
	rootObject = 333D859F20291C3F00EBBCDA /* Project object */;
}
